
Microsoft Visual Studio Solution File, Format Version 12.00
# Visual Studio Version 16
VisualStudioVersion = 16.0.31515.178
MinimumVisualStudioVersion = 10.0.40219.1
Project("{FAE04EC0-301F-11D3-BF4B-00C04F79EFBC}") = "MathGame", "MathGame\MathGame.csproj", "{764E49FC-BAB3-4F04-8A3B-249C47EA946D}"
EndProject
Global
	GlobalSection(SolutionConfigurationPlatforms) = preSolution
		Debug|Any CPU = Debug|Any CPU
		Release|Any CPU = Release|Any CPU
	EndGlobalSection
	GlobalSection(ProjectConfigurationPlatforms) = postSolution
		{764E49FC-BAB3-4F04-8A3B-249C47EA946D}.Debug|Any CPU.ActiveCfg = Debug|Any CPU
		{764E49FC-BAB3-4F04-8A3B-249C47EA946D}.Debug|Any CPU.Build.0 = Debug|Any CPU
		{764E49FC-BAB3-4F04-8A3B-249C47EA946D}.Release|Any CPU.ActiveCfg = Release|Any CPU
		{764E49FC-BAB3-4F04-8A3B-249C47EA946D}.Release|Any CPU.Build.0 = Release|Any CPU
	EndGlobalSection
	GlobalSection(SolutionProperties) = preSolution
		HideSolutionNode = FALSE
	EndGlobalSection
	GlobalSection(ExtensibilityGlobals) = postSolution
		SolutionGuid = {4D3A194C-545A-4847-A5A4-48A42C57C452}
	EndGlobalSection
EndGlobal
